
Microsoft Visual Studio Solution File, Format Version 12.00
# Visual Studio Version 17
VisualStudioVersion = 17.11.35327.3
MinimumVisualStudioVersion = 10.0.40219.1
Project("{9A19103F-16F7-4668-BE54-9A1E7A4F7556}") = "Autenticacion", "Autenticacion\Autenticacion.csproj", "{FE2660DB-2E57-4990-8E9D-51A456323420}"
EndProject
Global
	GlobalSection(SolutionConfigurationPlatforms) = preSolution
		Debug|Any CPU = Debug|Any CPU
		Release|Any CPU = Release|Any CPU
	EndGlobalSection
	GlobalSection(ProjectConfigurationPlatforms) = postSolution
		{FE2660DB-2E57-4990-8E9D-51A456323420}.Debug|Any CPU.ActiveCfg = Debug|Any CPU
		{FE2660DB-2E57-4990-8E9D-51A456323420}.Debug|Any CPU.Build.0 = Debug|Any CPU
		{FE2660DB-2E57-4990-8E9D-51A456323420}.Release|Any CPU.ActiveCfg = Release|Any CPU
		{FE2660DB-2E57-4990-8E9D-51A456323420}.Release|Any CPU.Build.0 = Release|Any CPU
	EndGlobalSection
	GlobalSection(SolutionProperties) = preSolution
		HideSolutionNode = FALSE
	EndGlobalSection
	GlobalSection(ExtensibilityGlobals) = postSolution
		SolutionGuid = {828275AF-BD9F-4DEA-ADCB-ACBBDCADAE76}
	EndGlobalSection
EndGlobal
